github.com/antlr4-go/antlr v0.0.0-20230518091524-98b52378c522 h1:o+W7GDFUwWtVkN28CW/nhh/aCmHn6OJddUs3+8vMMjs=
github.com/antlr4-go/antlr v0.0.0-20230518091524-98b52378c522/go.mod h1:srLVvW4JLxy+tCG9Nn2l8al77mUIMCwAOLQocfLDU2w=
github.com/antlr4-go/antlr/v4 v4.13.1 h1:SqQKkuVZ+zWkMMNkjy5FZe5mr5WURWnlpmOuzYWrPrQ=
github.com/antlr4-go/antlr/v4 v4.13.1/go.mod h1:GKmUxMtwp6ZgGwZSva4eWPC5mS6vUAmOABFgjdkM7Nw=
golang.org/x/exp v0.0.0-20240506185415-9bf2ced13842 h1:vr/HnozRka3pE4EsMEg1lgkXJkTFJCVUX+S/ZT6wYzM=
golang.org/x/exp v0.0.0-20240506185415-9bf2ced13842/go.mod h1:XtvwrStGgqGPLc4cjQfWqZHG1YFdYs6swckp8vpsjnc=
golang.org/x/exp v0.0.0-20250911091902-df9299821621 h1:2id6c1/gto0kaHYyrixvknJ8tUK/Qs5IsmBtrc+FtgU=
golang.org/x/exp v0.0.0-20250911091902-df9299821621/go.mod h1:TwQYMMnGpvZyc+JpB/UAuTNIsVJifOlSkrZkhcvpVUk=
golang.org/x/exp v0.0.0-20251023183803-a4bb9ffd2546 h1:mgKeJMpvi0yx/sU5GsxQ7p6s2wtOnGAHZWCHUM4KGzY=
golang.org/x/exp v0.0.0-20251023183803-a4bb9ffd2546/go.mod h1:j/pmGrbnkbPtQfxEe5D0VQhZC6qKbfKifgD0oM7sR70=
